
Microsoft Visual Studio Solution File, Format Version 12.00
# Visual Studio Version 17
VisualStudioVersion = 17.11.35327.3
MinimumVisualStudioVersion = 10.0.40219.1
Project("{F184B08F-C81C-45F6-A57F-5ABD9991F28F}") = "Jesus", "Jesus.vbproj", "{CC5994D2-8BF9-4D43-A61C-4FE9C120C597}"
EndProject
Global
	GlobalSection(SolutionConfigurationPlatforms) = preSolution
		Debug|Any CPU = Debug|Any CPU
		Release|Any CPU = Release|Any CPU
	EndGlobalSection
	GlobalSection(ProjectConfigurationPlatforms) = postSolution
		{CC5994D2-8BF9-4D43-A61C-4FE9C120C597}.Debug|Any CPU.ActiveCfg = Debug|Any CPU
		{CC5994D2-8BF9-4D43-A61C-4FE9C120C597}.Debug|Any CPU.Build.0 = Debug|Any CPU
		{CC5994D2-8BF9-4D43-A61C-4FE9C120C597}.Release|Any CPU.ActiveCfg = Release|Any CPU
		{CC5994D2-8BF9-4D43-A61C-4FE9C120C597}.Release|Any CPU.Build.0 = Release|Any CPU
	EndGlobalSection
	GlobalSection(SolutionProperties) = preSolution
		HideSolutionNode = FALSE
	EndGlobalSection
	GlobalSection(ExtensibilityGlobals) = postSolution
		SolutionGuid = {EF7D56DA-7716-42CB-B0B0-EF2C31299C8A}
	EndGlobalSection
EndGlobal
